
Microsoft Visual Studio Solution File, Format Version 12.00
# Visual Studio Version 17
VisualStudioVersion = 17.4.33122.133
MinimumVisualStudioVersion = 10.0.40219.1
Project("{FAE04EC0-301F-11D3-BF4B-00C04F79EFBC}") = "toDoApi", "toDoApi.csproj", "{929CA310-7FBF-4D35-85AD-28C83825EBE4}"
EndProject
Global
	GlobalSection(SolutionConfigurationPlatforms) = preSolution
		Debug|Any CPU = Debug|Any CPU
		Release|Any CPU = Release|Any CPU
	EndGlobalSection
	GlobalSection(ProjectConfigurationPlatforms) = postSolution
		{929CA310-7FBF-4D35-85AD-28C83825EBE4}.Debug|Any CPU.ActiveCfg = Debug|Any CPU
		{929CA310-7FBF-4D35-85AD-28C83825EBE4}.Debug|Any CPU.Build.0 = Debug|Any CPU
		{929CA310-7FBF-4D35-85AD-28C83825EBE4}.Release|Any CPU.ActiveCfg = Release|Any CPU
		{929CA310-7FBF-4D35-85AD-28C83825EBE4}.Release|Any CPU.Build.0 = Release|Any CPU
	EndGlobalSection
	GlobalSection(SolutionProperties) = preSolution
		HideSolutionNode = FALSE
	EndGlobalSection
	GlobalSection(ExtensibilityGlobals) = postSolution
		SolutionGuid = {511B93F9-6CDC-481A-A4C0-57B336C4EFF4}
	EndGlobalSection
EndGlobal
